
Microsoft Visual Studio Solution File, Format Version 12.00
# Visual Studio Version 17
VisualStudioVersion = 17.3.32901.215
MinimumVisualStudioVersion = 10.0.40219.1
Project("{9A19103F-16F7-4668-BE54-9A1E7A4F7556}") = "BilibiliAPI", "..\BiliBiliAccount\src\BiliBiliAccount\BilibiliAPI.csproj", "{C9400280-E9F1-4593-9611-D40E20D26A22}"
EndProject
Project("{9A19103F-16F7-4668-BE54-9A1E7A4F7556}") = "BiliStart", "BiliStart\BiliStart.csproj", "{66D66DD1-C47C-432C-BAD7-EFBA6BD05211}"
EndProject
Project("{9A19103F-16F7-4668-BE54-9A1E7A4F7556}") = "BiliStart.Core", "BiliStart.Core\BiliStart.Core.csproj", "{9E3D3BFA-7843-4372-9D91-EE255489622B}"
EndProject
Global
	GlobalSection(SolutionConfigurationPlatforms) = preSolution
		Debug|Any CPU = Debug|Any CPU
		Debug|arm64 = Debug|arm64
		Debug|x64 = Debug|x64
		Debug|x86 = Debug|x86
		Release|Any CPU = Release|Any CPU
		Release|arm64 = Release|arm64
		Release|x64 = Release|x64
		Release|x86 = Release|x86
	EndGlobalSection
	GlobalSection(ProjectConfigurationPlatforms) = postSolution
		{C9400280-E9F1-4593-9611-D40E20D26A22}.Debug|Any CPU.ActiveCfg = Debug|Any CPU
		{C9400280-E9F1-4593-9611-D40E20D26A22}.Debug|Any CPU.Build.0 = Debug|Any CPU
		{C9400280-E9F1-4593-9611-D40E20D26A22}.Debug|arm64.ActiveCfg = Debug|Any CPU
		{C9400280-E9F1-4593-9611-D40E20D26A22}.Debug|arm64.Build.0 = Debug|Any CPU
		{C9400280-E9F1-4593-9611-D40E20D26A22}.Debug|x64.ActiveCfg = Debug|Any CPU
		{C9400280-E9F1-4593-9611-D40E20D26A22}.Debug|x64.Build.0 = Debug|Any CPU
		{C9400280-E9F1-4593-9611-D40E20D26A22}.Debug|x86.ActiveCfg = Debug|Any CPU
		{C9400280-E9F1-4593-9611-D40E20D26A22}.Debug|x86.Build.0 = Debug|Any CPU
		{C9400280-E9F1-4593-9611-D40E20D26A22}.Release|Any CPU.ActiveCfg = Release|Any CPU
		{C9400280-E9F1-4593-9611-D40E20D26A22}.Release|Any CPU.Build.0 = Release|Any CPU
		{C9400280-E9F1-4593-9611-D40E20D26A22}.Release|arm64.ActiveCfg = Release|Any CPU
		{C9400280-E9F1-4593-9611-D40E20D26A22}.Release|arm64.Build.0 = Release|Any CPU
		{C9400280-E9F1-4593-9611-D40E20D26A22}.Release|x64.ActiveCfg = Release|Any CPU
		{C9400280-E9F1-4593-9611-D40E20D26A22}.Release|x64.Build.0 = Release|Any CPU
		{C9400280-E9F1-4593-9611-D40E20D26A22}.Release|x86.ActiveCfg = Release|Any CPU
		{C9400280-E9F1-4593-9611-D40E20D26A22}.Release|x86.Build.0 = Release|Any CPU
		{66D66DD1-C47C-432C-BAD7-EFBA6BD05211}.Debug|Any CPU.ActiveCfg = Debug|x64
		{66D66DD1-C47C-432C-BAD7-EFBA6BD05211}.Debug|Any CPU.Build.0 = Debug|x64
		{66D66DD1-C47C-432C-BAD7-EFBA6BD05211}.Debug|Any CPU.Deploy.0 = Debug|x64
		{66D66DD1-C47C-432C-BAD7-EFBA6BD05211}.Debug|arm64.ActiveCfg = Debug|arm64
		{66D66DD1-C47C-432C-BAD7-EFBA6BD05211}.Debug|arm64.Build.0 = Debug|arm64
		{66D66DD1-C47C-432C-BAD7-EFBA6BD05211}.Debug|arm64.Deploy.0 = Debug|arm64
		{66D66DD1-C47C-432C-BAD7-EFBA6BD05211}.Debug|x64.ActiveCfg = Debug|x64
		{66D66DD1-C47C-432C-BAD7-EFBA6BD05211}.Debug|x64.Build.0 = Debug|x64
		{66D66DD1-C47C-432C-BAD7-EFBA6BD05211}.Debug|x64.Deploy.0 = Debug|x64
		{66D66DD1-C47C-432C-BAD7-EFBA6BD05211}.Debug|x86.ActiveCfg = Debug|x86
		{66D66DD1-C47C-432C-BAD7-EFBA6BD05211}.Debug|x86.Build.0 = Debug|x86
		{66D66DD1-C47C-432C-BAD7-EFBA6BD05211}.Debug|x86.Deploy.0 = Debug|x86
		{66D66DD1-C47C-432C-BAD7-EFBA6BD05211}.Release|Any CPU.ActiveCfg = Release|x64
		{66D66DD1-C47C-432C-BAD7-EFBA6BD05211}.Release|Any CPU.Build.0 = Release|x64
		{66D66DD1-C47C-432C-BAD7-EFBA6BD05211}.Release|Any CPU.Deploy.0 = Release|x64
		{66D66DD1-C47C-432C-BAD7-EFBA6BD05211}.Release|arm64.ActiveCfg = Release|arm64
		{66D66DD1-C47C-432C-BAD7-EFBA6BD05211}.Release|arm64.Build.0 = Release|arm64
		{66D66DD1-C47C-432C-BAD7-EFBA6BD05211}.Release|arm64.Deploy.0 = Release|arm64
		{66D66DD1-C47C-432C-BAD7-EFBA6BD05211}.Release|x64.ActiveCfg = Release|x64
		{66D66DD1-C47C-432C-BAD7-EFBA6BD05211}.Release|x64.Build.0 = Release|x64
		{66D66DD1-C47C-432C-BAD7-EFBA6BD05211}.Release|x64.Deploy.0 = Release|x64
		{66D66DD1-C47C-432C-BAD7-EFBA6BD05211}.Release|x86.ActiveCfg = Release|x86
		{66D66DD1-C47C-432C-BAD7-EFBA6BD05211}.Release|x86.Build.0 = Release|x86
		{66D66DD1-C47C-432C-BAD7-EFBA6BD05211}.Release|x86.Deploy.0 = Release|x86
		{9E3D3BFA-7843-4372-9D91-EE255489622B}.Debug|Any CPU.ActiveCfg = Debug|Any CPU
		{9E3D3BFA-7843-4372-9D91-EE255489622B}.Debug|Any CPU.Build.0 = Debug|Any CPU
		{9E3D3BFA-7843-4372-9D91-EE255489622B}.Debug|arm64.ActiveCfg = Debug|arm64
		{9E3D3BFA-7843-4372-9D91-EE255489622B}.Debug|arm64.Build.0 = Debug|arm64
		{9E3D3BFA-7843-4372-9D91-EE255489622B}.Debug|x64.ActiveCfg = Debug|x64
		{9E3D3BFA-7843-4372-9D91-EE255489622B}.Debug|x64.Build.0 = Debug|x64
		{9E3D3BFA-7843-4372-9D91-EE255489622B}.Debug|x86.ActiveCfg = Debug|x86
		{9E3D3BFA-7843-4372-9D91-EE255489622B}.Debug|x86.Build.0 = Debug|x86
		{9E3D3BFA-7843-4372-9D91-EE255489622B}.Release|Any CPU.ActiveCfg = Release|Any CPU
		{9E3D3BFA-7843-4372-9D91-EE255489622B}.Release|Any CPU.Build.0 = Release|Any CPU
		{9E3D3BFA-7843-4372-9D91-EE255489622B}.Release|arm64.ActiveCfg = Release|arm64
		{9E3D3BFA-7843-4372-9D91-EE255489622B}.Release|arm64.Build.0 = Release|arm64
		{9E3D3BFA-7843-4372-9D91-EE255489622B}.Release|x64.ActiveCfg = Release|x64
		{9E3D3BFA-7843-4372-9D91-EE255489622B}.Release|x64.Build.0 = Release|x64
		{9E3D3BFA-7843-4372-9D91-EE255489622B}.Release|x86.ActiveCfg = Release|x86
		{9E3D3BFA-7843-4372-9D91-EE255489622B}.Release|x86.Build.0 = Release|x86
	EndGlobalSection
	GlobalSection(SolutionProperties) = preSolution
		HideSolutionNode = FALSE
	EndGlobalSection
	GlobalSection(ExtensibilityGlobals) = postSolution
		SolutionGuid = {7CE413F3-4C14-4FD6-88B5-189F758B229F}
	EndGlobalSection
EndGlobal
